
Microsoft Visual Studio Solution File, Format Version 12.00
# Visual Studio Version 17
VisualStudioVersion = 17.11.35327.3
MinimumVisualStudioVersion = 10.0.40219.1
Project("{9A19103F-16F7-4668-BE54-9A1E7A4F7556}") = "DentistNetwork", "DentistNetwork\DentistNetwork.csproj", "{AA0F5202-1305-4FCC-BAB8-DEB891DDDA2E}"
EndProject
Project("{9A19103F-16F7-4668-BE54-9A1E7A4F7556}") = "Contracts", "Contracts\Contracts.csproj", "{EC642A30-3343-403F-9E63-98D22AEAA569}"
EndProject
Project("{9A19103F-16F7-4668-BE54-9A1E7A4F7556}") = "LoggerService", "LoggerService\LoggerService.csproj", "{E259FBBE-2863-4418-AA20-7190B81702F8}"
EndProject
Project("{FAE04EC0-301F-11D3-BF4B-00C04F79EFBC}") = "Entities", "Entities\Entities.csproj", "{8B51EBD6-A5D0-452C-B286-BFF28F114765}"
EndProject
Project("{FAE04EC0-301F-11D3-BF4B-00C04F79EFBC}") = "Repository", "Repository\Repository.csproj", "{60153451-CED9-4CCA-9596-1908573CA686}"
EndProject
Global
	GlobalSection(SolutionConfigurationPlatforms) = preSolution
		Debug|Any CPU = Debug|Any CPU
		Release|Any CPU = Release|Any CPU
	EndGlobalSection
	GlobalSection(ProjectConfigurationPlatforms) = postSolution
		{AA0F5202-1305-4FCC-BAB8-DEB891DDDA2E}.Debug|Any CPU.ActiveCfg = Debug|Any CPU
		{AA0F5202-1305-4FCC-BAB8-DEB891DDDA2E}.Debug|Any CPU.Build.0 = Debug|Any CPU
		{AA0F5202-1305-4FCC-BAB8-DEB891DDDA2E}.Release|Any CPU.ActiveCfg = Release|Any CPU
		{AA0F5202-1305-4FCC-BAB8-DEB891DDDA2E}.Release|Any CPU.Build.0 = Release|Any CPU
		{EC642A30-3343-403F-9E63-98D22AEAA569}.Debug|Any CPU.ActiveCfg = Debug|Any CPU
		{EC642A30-3343-403F-9E63-98D22AEAA569}.Debug|Any CPU.Build.0 = Debug|Any CPU
		{EC642A30-3343-403F-9E63-98D22AEAA569}.Release|Any CPU.ActiveCfg = Release|Any CPU
		{EC642A30-3343-403F-9E63-98D22AEAA569}.Release|Any CPU.Build.0 = Release|Any CPU
		{E259FBBE-2863-4418-AA20-7190B81702F8}.Debug|Any CPU.ActiveCfg = Debug|Any CPU
		{E259FBBE-2863-4418-AA20-7190B81702F8}.Debug|Any CPU.Build.0 = Debug|Any CPU
		{E259FBBE-2863-4418-AA20-7190B81702F8}.Release|Any CPU.ActiveCfg = Release|Any CPU
		{E259FBBE-2863-4418-AA20-7190B81702F8}.Release|Any CPU.Build.0 = Release|Any CPU
		{8B51EBD6-A5D0-452C-B286-BFF28F114765}.Debug|Any CPU.ActiveCfg = Debug|Any CPU
		{8B51EBD6-A5D0-452C-B286-BFF28F114765}.Debug|Any CPU.Build.0 = Debug|Any CPU
		{8B51EBD6-A5D0-452C-B286-BFF28F114765}.Release|Any CPU.ActiveCfg = Release|Any CPU
		{8B51EBD6-A5D0-452C-B286-BFF28F114765}.Release|Any CPU.Build.0 = Release|Any CPU
		{60153451-CED9-4CCA-9596-1908573CA686}.Debug|Any CPU.ActiveCfg = Debug|Any CPU
		{60153451-CED9-4CCA-9596-1908573CA686}.Debug|Any CPU.Build.0 = Debug|Any CPU
		{60153451-CED9-4CCA-9596-1908573CA686}.Release|Any CPU.ActiveCfg = Release|Any CPU
		{60153451-CED9-4CCA-9596-1908573CA686}.Release|Any CPU.Build.0 = Release|Any CPU
	EndGlobalSection
	GlobalSection(SolutionProperties) = preSolution
		HideSolutionNode = FALSE
	EndGlobalSection
	GlobalSection(ExtensibilityGlobals) = postSolution
		SolutionGuid = {5F9A785B-1A5C-4EB7-9907-DFF3D77CDAFE}
	EndGlobalSection
EndGlobal
